
Microsoft Visual Studio Solution File, Format Version 12.00
# Visual Studio Version 17
VisualStudioVersion = 17.5.33414.496
MinimumVisualStudioVersion = 10.0.40219.1
Project("{FAE04EC0-301F-11D3-BF4B-00C04F79EFBC}") = "MagicVIllaAPI", "MagicVIllaAPI\MagicVIllaAPI.csproj", "{9F77604C-0C93-4D2A-AF6F-041504D658AD}"
EndProject
Global
	GlobalSection(SolutionConfigurationPlatforms) = preSolution
		Debug|Any CPU = Debug|Any CPU
		Release|Any CPU = Release|Any CPU
	EndGlobalSection
	GlobalSection(ProjectConfigurationPlatforms) = postSolution
		{9F77604C-0C93-4D2A-AF6F-041504D658AD}.Debug|Any CPU.ActiveCfg = Debug|Any CPU
		{9F77604C-0C93-4D2A-AF6F-041504D658AD}.Debug|Any CPU.Build.0 = Debug|Any CPU
		{9F77604C-0C93-4D2A-AF6F-041504D658AD}.Release|Any CPU.ActiveCfg = Release|Any CPU
		{9F77604C-0C93-4D2A-AF6F-041504D658AD}.Release|Any CPU.Build.0 = Release|Any CPU
	EndGlobalSection
	GlobalSection(SolutionProperties) = preSolution
		HideSolutionNode = FALSE
	EndGlobalSection
	GlobalSection(ExtensibilityGlobals) = postSolution
		SolutionGuid = {0E87150A-E897-4263-AA28-40773EF5FB6D}
	EndGlobalSection
EndGlobal
